{
  "lockfileVersion": 1,
  "workspaces": {
    "": {
      "devDependencies": {
        "@moonrepo/cli": "^1.34.1",
        "@types/bun": "^1.2.8",
      },
    },
  },
  "packages": {
    "@moonrepo/cli": ["@moonrepo/cli@1.34.1", "", { "dependencies": { "detect-libc": "^2.0.3" }, "optionalDependencies": { "@moonrepo/core-linux-arm64-gnu": "1.34.1", "@moonrepo/core-linux-arm64-musl": "1.34.1", "@moonrepo/core-linux-x64-gnu": "1.34.1", "@moonrepo/core-linux-x64-musl": "1.34.1", "@moonrepo/core-macos-arm64": "1.34.1", "@moonrepo/core-macos-x64": "1.34.1", "@moonrepo/core-windows-x64-msvc": "1.34.1" }, "bin": { "moon": "moon.js" } }, "sha512-dimVCzjREoLgYTh3VkJeJN3TycnMJut8m301hSVmeg8LNQ/62JekxfKeHJEHkU5yzYTT/qip+IB5HxiDyjgU0w=="],

    "@moonrepo/core-linux-arm64-gnu": ["@moonrepo/core-linux-arm64-gnu@1.34.1", "", { "os": "linux", "cpu": "arm64" }, "sha512-j6X1iIJmc9QpOFOHQqie9j4KT05cq9UmusMVbXnKDWBdNOKlcAuMBF4bcMKqRE093rExUbc9jAEAF4RdKzW68g=="],

    "@moonrepo/core-linux-arm64-musl": ["@moonrepo/core-linux-arm64-musl@1.34.1", "", { "os": "linux", "cpu": "arm64" }, "sha512-aG1WxJ35R1WRI48s3wWwstInwNNnuqycOrEJyefQewYgMXFvUlvv6h2XNp8RJB16HZxZdpnI7kBCbuMJnFgWaw=="],

    "@moonrepo/core-linux-x64-gnu": ["@moonrepo/core-linux-x64-gnu@1.34.1", "", { "os": "linux", "cpu": "x64" }, "sha512-mKQx1FgDlofqAX73qddiORv7PIfIjOKnlNjqbQizimwco85VkT+lFUCTzHscrBTzLqioIjjf0p2/588fvMwQVw=="],

    "@moonrepo/core-linux-x64-musl": ["@moonrepo/core-linux-x64-musl@1.34.1", "", { "os": "linux", "cpu": "x64" }, "sha512-oDcjKx2fquZvaqxIFauA8MMVqQkXH6Je0fV44u60qZLPviNy/iiXuWT6QSoSBhMf1O18vRjF4G5o46AYIgrAYQ=="],

    "@moonrepo/core-macos-arm64": ["@moonrepo/core-macos-arm64@1.34.1", "", { "os": "darwin", "cpu": "arm64" }, "sha512-HXTsJUSeHBfSxwHakEQWP4J+iaahOvx/n8fwoIgjgh5bj1ZOgTm8mDY5Q9wdTi05XJAm1yJae5Pwe6kbL3Q52Q=="],

    "@moonrepo/core-macos-x64": ["@moonrepo/core-macos-x64@1.34.1", "", { "os": "darwin", "cpu": "x64" }, "sha512-uxSRtv1ZQTdCyYQWlq4/5E9VQLxO5IYyXMASfeMVWvZ1kR2HQXvbubTDpf+nf3EFb2tIjEFWkJNECeGg1wfkcg=="],

    "@moonrepo/core-windows-x64-msvc": ["@moonrepo/core-windows-x64-msvc@1.34.1", "", { "os": "win32", "cpu": "x64" }, "sha512-FQSPCQsrvGVjrhpOxumd+TBltftfNIkhjH0HRbgufRGtmHcP1vkfdNivQt6uYMKd2raSTdTX2A1RpPlQ8qxVRA=="],

    "@types/bun": ["@types/bun@1.2.8", "", { "dependencies": { "bun-types": "1.2.7" } }, "sha512-t8L1RvJVUghW5V+M/fL3Thbxcs0HwNsXsnTEBEfEVqGteiJToOlZ/fyOEaR1kZsNqnu+3XA4RI/qmnX4w6+S+w=="],

    "@types/node": ["@types/node@22.14.0", "", { "dependencies": { "undici-types": "~6.21.0" } }, "sha512-Kmpl+z84ILoG+3T/zQFyAJsU6EPTmOCj8/2+83fSN6djd6I4o7uOuGIH6vq3PrjY5BGitSbFuMN18j3iknubbA=="],

    "@types/ws": ["@types/ws@8.18.1", "", { "dependencies": { "@types/node": "*" } }, "sha512-ThVF6DCVhA8kUGy+aazFQ4kXQ7E1Ty7A3ypFOe0IcJV8O/M511G99AW24irKrW56Wt44yG9+ij8FaqoBGkuBXg=="],

    "bun-types": ["bun-types@1.2.7", "", { "dependencies": { "@types/node": "*", "@types/ws": "*" } }, "sha512-P4hHhk7kjF99acXqKvltyuMQ2kf/rzIw3ylEDpCxDS9Xa0X0Yp/gJu/vDCucmWpiur5qJ0lwB2bWzOXa2GlHqA=="],

    "detect-libc": ["detect-libc@2.0.3", "", {}, "sha512-bwy0MGW55bG41VqxxypOsdSdGqLwXPI/focwgTYCFMbdUiBAxLg9CFzG08sz2aqzknwiX7Hkl0bQENjg8iLByw=="],

    "undici-types": ["undici-types@6.21.0", "", {}, "sha512-iwDZqg0QAGrg9Rav5H4n0M64c3mkR59cJ6wQp+7C4nI0gsmExaedaYLNO44eT4AtBBwjbTiGPMlt2Md0T9H9JQ=="],
  }
}
